
Microsoft Visual Studio Solution File, Format Version 12.00
# Visual Studio Version 17
VisualStudioVersion = 17.0.32126.317
MinimumVisualStudioVersion = 10.0.40219.1
Project("{FAE04EC0-301F-11D3-BF4B-00C04F79EFBC}") = "DemoLes3Session", "DemoLes3Session\DemoLes3Session.csproj", "{F6878213-D21C-424B-AAEA-44955006D015}"
EndProject
Global
	GlobalSection(SolutionConfigurationPlatforms) = preSolution
		Debug|Any CPU = Debug|Any CPU
		Release|Any CPU = Release|Any CPU
	EndGlobalSection
	GlobalSection(ProjectConfigurationPlatforms) = postSolution
		{F6878213-D21C-424B-AAEA-44955006D015}.Debug|Any CPU.ActiveCfg = Debug|Any CPU
		{F6878213-D21C-424B-AAEA-44955006D015}.Debug|Any CPU.Build.0 = Debug|Any CPU
		{F6878213-D21C-424B-AAEA-44955006D015}.Release|Any CPU.ActiveCfg = Release|Any CPU
		{F6878213-D21C-424B-AAEA-44955006D015}.Release|Any CPU.Build.0 = Release|Any CPU
	EndGlobalSection
	GlobalSection(SolutionProperties) = preSolution
		HideSolutionNode = FALSE
	EndGlobalSection
	GlobalSection(ExtensibilityGlobals) = postSolution
		SolutionGuid = {521F6451-34A9-49D8-8BCA-D39F022EE2A0}
	EndGlobalSection
EndGlobal
